
Microsoft Visual Studio Solution File, Format Version 12.00
# Visual Studio Version 17
VisualStudioVersion = 17.0.31912.275
MinimumVisualStudioVersion = 10.0.40219.1
Project("{888888A0-9F3D-457C-B088-3A5042F75D52}") = "Mistra-InfraMaint", "Mistra-InfraMaint.pyproj", "{1189F098-EF99-4EC8-B139-85203C4823A9}"
EndProject
Global
	GlobalSection(SolutionConfigurationPlatforms) = preSolution
		Debug|Any CPU = Debug|Any CPU
		Release|Any CPU = Release|Any CPU
	EndGlobalSection
	GlobalSection(ProjectConfigurationPlatforms) = postSolution
		{1189F098-EF99-4EC8-B139-85203C4823A9}.Debug|Any CPU.ActiveCfg = Debug|Any CPU
		{1189F098-EF99-4EC8-B139-85203C4823A9}.Release|Any CPU.ActiveCfg = Release|Any CPU
	EndGlobalSection
	GlobalSection(SolutionProperties) = preSolution
		HideSolutionNode = FALSE
	EndGlobalSection
	GlobalSection(ExtensibilityGlobals) = postSolution
		SolutionGuid = {4F2CBF7D-D156-4199-8FC9-B1A755296F39}
	EndGlobalSection
EndGlobal
